{
  "name": "frostyjs",
  "version": "1.0.0",
  "lockfileVersion": 2,
  "requires": true,
  "packages": {
    "": {
      "name": "frostyjs",
      "version": "1.0.0",
      "license": "ISC",
      "dependencies": {
        "chalk": "^5.0.0",
        "nanospinner": "^1.0.0"
      }
    },
    "node_modules/chalk": {
      "version": "5.0.0",
      "resolved": "https://registry.npmjs.org/chalk/-/chalk-5.0.0.tgz",
      "integrity": "sha512-/duVOqst+luxCQRKEo4bNxinsOQtMP80ZYm7mMqzuh5PociNL0PvmHFvREJ9ueYL2TxlHjBcmLCdmocx9Vg+IQ==",
      "engines": {
        "node": "^12.17.0 || ^14.13 || >=16.0.0"
      },
      "funding": {
        "url": "https://github.com/chalk/chalk?sponsor=1"
      }
    },
    "node_modules/nanospinner": {
      "version": "1.0.0",
      "resolved": "https://registry.npmjs.org/nanospinner/-/nanospinner-1.0.0.tgz",
      "integrity": "sha512-14c2r2QQ9xfTmdbqdF51FKCNvww+0ZON9GeEHur+pBdOufoFvxD4CZQRaYWmFrGH3Nuv7PZ/9Q+wsV+hFSp32g==",
      "dependencies": {
        "picocolors": "^1.0.0"
      }
    },
    "node_modules/picocolors": {
      "version": "1.0.0",
      "resolved": "https://registry.npmjs.org/picocolors/-/picocolors-1.0.0.tgz",
      "integrity": "sha512-1fygroTLlHu66zi26VoTDv8yRgm0Fccecssto+MhsZ0D/DGW2sm8E8AjW7NU5VVTRt5GxbeZ5qBuJr+HyLYkjQ=="
    }
  },
  "dependencies": {
    "chalk": {
      "version": "5.0.0",
      "resolved": "https://registry.npmjs.org/chalk/-/chalk-5.0.0.tgz",
      "integrity": "sha512-/duVOqst+luxCQRKEo4bNxinsOQtMP80ZYm7mMqzuh5PociNL0PvmHFvREJ9ueYL2TxlHjBcmLCdmocx9Vg+IQ=="
    },
    "nanospinner": {
      "version": "1.0.0",
      "resolved": "https://registry.npmjs.org/nanospinner/-/nanospinner-1.0.0.tgz",
      "integrity": "sha512-14c2r2QQ9xfTmdbqdF51FKCNvww+0ZON9GeEHur+pBdOufoFvxD4CZQRaYWmFrGH3Nuv7PZ/9Q+wsV+hFSp32g==",
      "requires": {
        "picocolors": "^1.0.0"
      }
    },
    "picocolors": {
      "version": "1.0.0",
      "resolved": "https://registry.npmjs.org/picocolors/-/picocolors-1.0.0.tgz",
      "integrity": "sha512-1fygroTLlHu66zi26VoTDv8yRgm0Fccecssto+MhsZ0D/DGW2sm8E8AjW7NU5VVTRt5GxbeZ5qBuJr+HyLYkjQ=="
    }
  }
}
